
Microsoft Visual Studio Solution File, Format Version 12.00
# Visual Studio Version 16
VisualStudioVersion = 16.0.29509.3
MinimumVisualStudioVersion = 10.0.40219.1
Project("{8BC9CEB8-8B4A-11D0-8D11-00A0C91BC942}") = "00_Test", "00_Test\00_Test.vcxproj", "{B8DEA92E-F156-44A4-A1F6-CB33199D3708}"
EndProject
Global
	GlobalSection(SolutionConfigurationPlatforms) = preSolution
		Debug|x64 = Debug|x64
		Release|x64 = Release|x64
	EndGlobalSection
	GlobalSection(ProjectConfigurationPlatforms) = postSolution
		{B8DEA92E-F156-44A4-A1F6-CB33199D3708}.Debug|x64.ActiveCfg = Debug|x64
		{B8DEA92E-F156-44A4-A1F6-CB33199D3708}.Debug|x64.Build.0 = Debug|x64
		{B8DEA92E-F156-44A4-A1F6-CB33199D3708}.Release|x64.ActiveCfg = Release|x64
		{B8DEA92E-F156-44A4-A1F6-CB33199D3708}.Release|x64.Build.0 = Release|x64
	EndGlobalSection
	GlobalSection(SolutionProperties) = preSolution
		HideSolutionNode = FALSE
	EndGlobalSection
	GlobalSection(ExtensibilityGlobals) = postSolution
		SolutionGuid = {1FB39761-5A4C-461A-8C71-C166313BAAE3}
	EndGlobalSection
EndGlobal
