<?xml version="1.0" encoding="utf-8"?>
<Project ToolsVersion="4.0" xmlns="http://schemas.microsoft.com/developer/msbuild/2003">
  <ItemGroup>
    <ClCompile Include="main.cpp" />
    <ClCompile Include="TFilter.cpp">
      <Filter>TFilter</Filter>
    </ClCompile>
    <ClCompile Include="TInvertFilter.cpp">
      <Filter>TFilter\TPointFilter\TInvertFilter</Filter>
    </ClCompile>
    <ClCompile Include="TMatrixFilter.cpp">
      <Filter>TFilter\TBaseMatrixFilter\TMatrixFilter</Filter>
    </ClCompile>
    <ClCompile Include="TBlurFilter.cpp">
      <Filter>TFilter\TBaseMatrixFilter\TMatrixFilter\TBlurFilter</Filter>
    </ClCompile>
    <ClCompile Include="TGaussianBlurFilter.cpp">
      <Filter>TFilter\TBaseMatrixFilter\TMatrixFilter\TGaussianBlurFilter</Filter>
    </ClCompile>
    <ClCompile Include="TPointFilter.cpp">
      <Filter>TFilter\TPointFilter</Filter>
    </ClCompile>
    <ClCompile Include="TGrayScaleFilter.cpp">
      <Filter>TFilter\TPointFilter\TGrayScaleFilter</Filter>
    </ClCompile>
    <ClCompile Include="TSepiaFilter.cpp">
      <Filter>TFilter\TPointFilter\TSepiaFilter</Filter>
    </ClCompile>
    <ClCompile Include="TBrightnessFilter.cpp">
      <Filter>TFilter\TPointFilter\TBrightnessFilter</Filter>
    </ClCompile>
    <ClCompile Include="TSobelYFilter.cpp">
      <Filter>TFilter\TBaseMatrixFilter\TMatrixFilter\TSobelYFilter</Filter>
    </ClCompile>
    <ClCompile Include="TSharpnessFilter.cpp">
      <Filter>TFilter\TBaseMatrixFilter\TMatrixFilter\TSharpnessFilter</Filter>
    </ClCompile>
    <ClCompile Include="TMedianFilter.cpp">
      <Filter>TFilter\TBaseMatrixFilter\TDynamicMatrixFilter\TMedianFilter</Filter>
    </ClCompile>
    <ClCompile Include="TDirectPointFilter.cpp">
      <Filter>TFilter\TDirectPointFilter</Filter>
    </ClCompile>
    <ClCompile Include="TShiftFilter.cpp">
      <Filter>TFilter\TDirectPointFilter\TShiftFilter</Filter>
    </ClCompile>
    <ClCompile Include="TWavesFilter.cpp">
      <Filter>TFilter\TDirectPointFilter\TWavesFilter</Filter>
    </ClCompile>
    <ClCompile Include="TMotionBlurFilter.cpp">
      <Filter>TFilter\TBaseMatrixFilter\TMatrixFilter\TMotionBlurFilter</Filter>
    </ClCompile>
    <ClCompile Include="TComplexFilter.cpp">
      <Filter>TFilter\TComplexFilter</Filter>
    </ClCompile>
    <ClCompile Include="TGlowingEdgesFilter.cpp">
      <Filter>TFilter\TComplexFilter\TGlowingEdgesFilter</Filter>
    </ClCompile>
    <ClCompile Include="TMaximumFilter.cpp">
      <Filter>TFilter\TBaseMatrixFilter\TDynamicMatrixFilter\TMaximumFilter</Filter>
    </ClCompile>
    <ClCompile Include="TRotateFilter.cpp">
      <Filter>TFilter\TDirectPointFilter\TRotateFilter</Filter>
    </ClCompile>
    <ClCompile Include="TDynamicMatrixFilter.cpp">
      <Filter>TFilter\TBaseMatrixFilter\TDynamicMatrixFilter</Filter>
    </ClCompile>
    <ClCompile Include="TBaseMatrixFilter.cpp">
      <Filter>TFilter\TBaseMatrixFilter</Filter>
    </ClCompile>
    <ClCompile Include="TMorphMatrixFilter.cpp">
      <Filter>TFilter\TBaseMatrixFilter\TDynamicMatrixFilter\TMorphMatrixFilter</Filter>
    </ClCompile>
    <ClCompile Include="TDilationFilter.cpp">
      <Filter>TFilter\TBaseMatrixFilter\TDynamicMatrixFilter\TMorphMatrixFilter\TDilationFilter</Filter>
    </ClCompile>
    <ClCompile Include="TErosionFilter.cpp">
      <Filter>TFilter\TBaseMatrixFilter\TDynamicMatrixFilter\TMorphMatrixFilter\TErosionFilter</Filter>
    </ClCompile>
    <ClCompile Include="TOpeningFilter.cpp">
      <Filter>TFilter\TBaseMatrixFilter\TDynamicMatrixFilter\TMorphMatrixFilter\TOpeningFilter</Filter>
    </ClCompile>
    <ClCompile Include="TClosingFilter.cpp">
      <Filter>TFilter\TBaseMatrixFilter\TDynamicMatrixFilter\TMorphMatrixFilter\TClosingFilter</Filter>
    </ClCompile>
  </ItemGroup>
  <ItemGroup>
    <Filter Include="Resource Files">
      <UniqueIdentifier>{D9D6E242-F8AF-46E4-B9FD-80ECBC20BA3E}</UniqueIdentifier>
      <Extensions>qrc;*</Extensions>
      <ParseFiles>false</ParseFiles>
    </Filter>
    <Filter Include="TFilter">
      <UniqueIdentifier>{7fd82cbd-3b90-4ab0-b583-e0734cc2d65a}</UniqueIdentifier>
    </Filter>
    <Filter Include="TFilter\TPointFilter">
      <UniqueIdentifier>{35bae201-9593-4250-86f0-6f943458928d}</UniqueIdentifier>
    </Filter>
    <Filter Include="TFilter\TPointFilter\TInvertFilter">
      <UniqueIdentifier>{7dc751c3-9a06-45ae-ae37-8245592ba4c1}</UniqueIdentifier>
    </Filter>
    <Filter Include="TFilter\TPointFilter\TGrayScaleFilter">
      <UniqueIdentifier>{3b6da0e8-2a9a-457a-a22c-abeed8c2df41}</UniqueIdentifier>
    </Filter>
    <Filter Include="TFilter\TPointFilter\TSepiaFilter">
      <UniqueIdentifier>{2d7a79b8-d89f-4579-a090-816004818c40}</UniqueIdentifier>
    </Filter>
    <Filter Include="TFilter\TPointFilter\TBrightnessFilter">
      <UniqueIdentifier>{15884604-169c-4661-b83d-20175b167397}</UniqueIdentifier>
    </Filter>
    <Filter Include="TFilter\TDirectPointFilter">
      <UniqueIdentifier>{2c01af67-ea99-4a07-9613-626506172236}</UniqueIdentifier>
    </Filter>
    <Filter Include="TFilter\TDirectPointFilter\TShiftFilter">
      <UniqueIdentifier>{87f7f5aa-b4c5-493f-8082-5605a81e8c1c}</UniqueIdentifier>
    </Filter>
    <Filter Include="TFilter\TDirectPointFilter\TWavesFilter">
      <UniqueIdentifier>{d6caa873-6d31-47c0-aac8-bd0588068c3e}</UniqueIdentifier>
    </Filter>
    <Filter Include="TFilter\TComplexFilter">
      <UniqueIdentifier>{0493c232-7e74-414a-b918-15407062de39}</UniqueIdentifier>
    </Filter>
    <Filter Include="TFilter\TComplexFilter\TGlowingEdgesFilter">
      <UniqueIdentifier>{bb07d845-8d32-47c0-ab6e-e06b42b5fbfe}</UniqueIdentifier>
    </Filter>
    <Filter Include="TFilter\TDirectPointFilter\TRotateFilter">
      <UniqueIdentifier>{dead774b-b440-4407-92dc-73d785645505}</UniqueIdentifier>
    </Filter>
    <Filter Include="TFilter\TBaseMatrixFilter">
      <UniqueIdentifier>{a11cd2dc-90b5-4be4-a049-1f965c64038c}</UniqueIdentifier>
    </Filter>
    <Filter Include="TFilter\TBaseMatrixFilter\TDynamicMatrixFilter">
      <UniqueIdentifier>{d22e8fed-b838-451e-b344-b21d0f3369c8}</UniqueIdentifier>
    </Filter>
    <Filter Include="TFilter\TBaseMatrixFilter\TMatrixFilter">
      <UniqueIdentifier>{c285eb8e-5bc5-4391-903c-ef2eb7359467}</UniqueIdentifier>
    </Filter>
    <Filter Include="TFilter\TBaseMatrixFilter\TMatrixFilter\TBlurFilter">
      <UniqueIdentifier>{e32ace34-a61e-474c-ae12-d6c2f8d58a9c}</UniqueIdentifier>
    </Filter>
    <Filter Include="TFilter\TBaseMatrixFilter\TMatrixFilter\TGaussianBlurFilter">
      <UniqueIdentifier>{f5936a4b-2118-40da-9fb9-ec59230081e5}</UniqueIdentifier>
    </Filter>
    <Filter Include="TFilter\TBaseMatrixFilter\TMatrixFilter\TSobelYFilter">
      <UniqueIdentifier>{0b8796f6-5a8c-4d29-830f-2ee32b783371}</UniqueIdentifier>
    </Filter>
    <Filter Include="TFilter\TBaseMatrixFilter\TMatrixFilter\TSharpnessFilter">
      <UniqueIdentifier>{a5428cf3-9367-41a1-af0d-606495b0b827}</UniqueIdentifier>
    </Filter>
    <Filter Include="TFilter\TBaseMatrixFilter\TMatrixFilter\TMotionBlurFilter">
      <UniqueIdentifier>{da6bb59f-effe-4a06-b55c-f19941e5a0a6}</UniqueIdentifier>
    </Filter>
    <Filter Include="TFilter\TBaseMatrixFilter\TDynamicMatrixFilter\TMedianFilter">
      <UniqueIdentifier>{40e93e19-1ed7-41a4-9797-a44a20c1ad81}</UniqueIdentifier>
    </Filter>
    <Filter Include="TFilter\TBaseMatrixFilter\TDynamicMatrixFilter\TMorphMatrixFilter">
      <UniqueIdentifier>{14828b85-91fb-4229-8494-7523dcbd9654}</UniqueIdentifier>
    </Filter>
    <Filter Include="TFilter\TBaseMatrixFilter\TDynamicMatrixFilter\TMorphMatrixFilter\TDilationFilter">
      <UniqueIdentifier>{a6da6621-4740-4713-ada9-2ef8b9dc4994}</UniqueIdentifier>
    </Filter>
    <Filter Include="TFilter\TBaseMatrixFilter\TDynamicMatrixFilter\TMaximumFilter">
      <UniqueIdentifier>{9300c085-37c1-4317-a0eb-760fe0d8fe70}</UniqueIdentifier>
    </Filter>
    <Filter Include="TFilter\TBaseMatrixFilter\TDynamicMatrixFilter\TMorphMatrixFilter\TErosionFilter">
      <UniqueIdentifier>{69ec4de4-c023-4752-8f1d-e172f471d3d1}</UniqueIdentifier>
    </Filter>
    <Filter Include="TFilter\TBaseMatrixFilter\TDynamicMatrixFilter\TMorphMatrixFilter\TOpeningFilter">
      <UniqueIdentifier>{a36c93f6-d470-41e9-8200-58046caf057a}</UniqueIdentifier>
    </Filter>
    <Filter Include="TFilter\TBaseMatrixFilter\TDynamicMatrixFilter\TMorphMatrixFilter\TClosingFilter">
      <UniqueIdentifier>{f734deb4-c779-44ed-afe0-5f563012621c}</UniqueIdentifier>
    </Filter>
  </ItemGroup>
  <ItemGroup>
    <ClInclude Include="TFilter.h">
      <Filter>TFilter</Filter>
    </ClInclude>
    <ClInclude Include="TInvertFilter.h">
      <Filter>TFilter\TPointFilter\TInvertFilter</Filter>
    </ClInclude>
    <ClInclude Include="includes.h" />
    <ClInclude Include="TMatrixFilter.h">
      <Filter>TFilter\TBaseMatrixFilter\TMatrixFilter</Filter>
    </ClInclude>
    <ClInclude Include="TBlurFilter.h">
      <Filter>TFilter\TBaseMatrixFilter\TMatrixFilter\TBlurFilter</Filter>
    </ClInclude>
    <ClInclude Include="TGaussianBlurFilter.h">
      <Filter>TFilter\TBaseMatrixFilter\TMatrixFilter\TGaussianBlurFilter</Filter>
    </ClInclude>
    <ClInclude Include="Exception.h" />
    <ClInclude Include="TPointFilter.h">
      <Filter>TFilter\TPointFilter</Filter>
    </ClInclude>
    <ClInclude Include="TGrayScaleFilter.h">
      <Filter>TFilter\TPointFilter\TGrayScaleFilter</Filter>
    </ClInclude>
    <ClInclude Include="TSepiaFilter.h">
      <Filter>TFilter\TPointFilter\TSepiaFilter</Filter>
    </ClInclude>
    <ClInclude Include="TBrightnessFilter.h">
      <Filter>TFilter\TPointFilter\TBrightnessFilter</Filter>
    </ClInclude>
    <ClInclude Include="TSobelYFilter.h">
      <Filter>TFilter\TBaseMatrixFilter\TMatrixFilter\TSobelYFilter</Filter>
    </ClInclude>
    <ClInclude Include="TSharpnessFilter.h">
      <Filter>TFilter\TBaseMatrixFilter\TMatrixFilter\TSharpnessFilter</Filter>
    </ClInclude>
    <ClInclude Include="TMedianFilter.h">
      <Filter>TFilter\TBaseMatrixFilter\TDynamicMatrixFilter\TMedianFilter</Filter>
    </ClInclude>
    <ClInclude Include="TDirectPointFilter.h">
      <Filter>TFilter\TDirectPointFilter</Filter>
    </ClInclude>
    <ClInclude Include="TShiftFilter.h">
      <Filter>TFilter\TDirectPointFilter\TShiftFilter</Filter>
    </ClInclude>
    <ClInclude Include="TWavesFilter.h">
      <Filter>TFilter\TDirectPointFilter\TWavesFilter</Filter>
    </ClInclude>
    <ClInclude Include="TMotionBlurFilter.h">
      <Filter>TFilter\TBaseMatrixFilter\TMatrixFilter\TMotionBlurFilter</Filter>
    </ClInclude>
    <ClInclude Include="TComplexFilter.h">
      <Filter>TFilter\TComplexFilter</Filter>
    </ClInclude>
    <ClInclude Include="TGlowingEdgesFilter.h">
      <Filter>TFilter\TComplexFilter\TGlowingEdgesFilter</Filter>
    </ClInclude>
    <ClInclude Include="TMaximumFilter.h">
      <Filter>TFilter\TBaseMatrixFilter\TDynamicMatrixFilter\TMaximumFilter</Filter>
    </ClInclude>
    <ClInclude Include="TRotateFilter.h">
      <Filter>TFilter\TDirectPointFilter\TRotateFilter</Filter>
    </ClInclude>
    <ClInclude Include="TDynamicMatrixFilter.h">
      <Filter>TFilter\TBaseMatrixFilter\TDynamicMatrixFilter</Filter>
    </ClInclude>
    <ClInclude Include="TBaseMatrixFilter.h">
      <Filter>TFilter\TBaseMatrixFilter</Filter>
    </ClInclude>
    <ClInclude Include="TMorphMatrixFilter.h">
      <Filter>TFilter\TBaseMatrixFilter\TDynamicMatrixFilter\TMorphMatrixFilter</Filter>
    </ClInclude>
    <ClInclude Include="TDilationFilter.h">
      <Filter>TFilter\TBaseMatrixFilter\TDynamicMatrixFilter\TMorphMatrixFilter\TDilationFilter</Filter>
    </ClInclude>
    <ClInclude Include="TErosionFilter.h">
      <Filter>TFilter\TBaseMatrixFilter\TDynamicMatrixFilter\TMorphMatrixFilter\TErosionFilter</Filter>
    </ClInclude>
    <ClInclude Include="TOpeningFilter.h">
      <Filter>TFilter\TBaseMatrixFilter\TDynamicMatrixFilter\TMorphMatrixFilter\TOpeningFilter</Filter>
    </ClInclude>
    <ClInclude Include="TClosingFilter.h">
      <Filter>TFilter\TBaseMatrixFilter\TDynamicMatrixFilter\TMorphMatrixFilter\TClosingFilter</Filter>
    </ClInclude>
  </ItemGroup>
  <ItemGroup>
    <Image Include="test.png">
      <Filter>Resource Files</Filter>
    </Image>
  </ItemGroup>
</Project>