<?xml version="1.0" encoding="utf-8"?>
<Project ToolsVersion="4.0" xmlns="http://schemas.microsoft.com/developer/msbuild/2003">
  <ItemGroup>
    <ClCompile Include="main.cpp" />
    <ClCompile Include="TShaderWidget.cpp">
      <Filter>Code</Filter>
    </ClCompile>
  </ItemGroup>
  <ItemGroup>
    <Filter Include="Resource Files">
      <UniqueIdentifier>{D9D6E242-F8AF-46E4-B9FD-80ECBC20BA3E}</UniqueIdentifier>
      <Extensions>qrc;*</Extensions>
      <ParseFiles>false</ParseFiles>
    </Filter>
    <Filter Include="Code">
      <UniqueIdentifier>{93995380-89BD-4b04-88EB-625FBE52EBFB}</UniqueIdentifier>
      <Extensions>h;hh;hpp;hxx;hm;inl;inc;xsd</Extensions>
      <ParseFiles>true</ParseFiles>
    </Filter>
  </ItemGroup>
  <ItemGroup>
    <None Include="vert.glsl">
      <Filter>Resource Files</Filter>
    </None>
    <None Include="frag.glsl">
      <Filter>Resource Files</Filter>
    </None>
    <None Include="frag1.glsl">
      <Filter>Resource Files</Filter>
    </None>
    <None Include="config.dat">
      <Filter>Resource Files</Filter>
    </None>
    <None Include="frag2.glsl">
      <Filter>Resource Files</Filter>
    </None>
    <None Include="frag10.glsl">
      <Filter>Resource Files</Filter>
    </None>
    <None Include="frag3.glsl">
      <Filter>Resource Files</Filter>
    </None>
  </ItemGroup>
  <ItemGroup>
    <QtMoc Include="TShaderWidget.h">
      <Filter>Code</Filter>
    </QtMoc>
  </ItemGroup>
</Project>